
Microsoft Visual Studio Solution File, Format Version 12.00
# Visual Studio 2013
VisualStudioVersion = 12.0.21005.1
MinimumVisualStudioVersion = 10.0.40219.1
Project("{FAE04EC0-301F-11D3-BF4B-00C04F79EFBC}") = "FarmaciaGaleras", "FarmaciaGaleras\FarmaciaGaleras.csproj", "{21CCA8B6-DEE6-4D91-A925-151A2D8F80C7}"
EndProject
Global
	GlobalSection(SolutionConfigurationPlatforms) = preSolution
		Debug|Any CPU = Debug|Any CPU
		Release|Any CPU = Release|Any CPU
	EndGlobalSection
	GlobalSection(ProjectConfigurationPlatforms) = postSolution
		{21CCA8B6-DEE6-4D91-A925-151A2D8F80C7}.Debug|Any CPU.ActiveCfg = Debug|Any CPU
		{21CCA8B6-DEE6-4D91-A925-151A2D8F80C7}.Debug|Any CPU.Build.0 = Debug|Any CPU
		{21CCA8B6-DEE6-4D91-A925-151A2D8F80C7}.Release|Any CPU.ActiveCfg = Release|Any CPU
		{21CCA8B6-DEE6-4D91-A925-151A2D8F80C7}.Release|Any CPU.Build.0 = Release|Any CPU
	EndGlobalSection
	GlobalSection(SolutionProperties) = preSolution
		HideSolutionNode = FALSE
	EndGlobalSection
	GlobalSection(ExtensibilityGlobals) = postSolution
		SolutionGuid = {F473CB9A-D63F-4881-9CA0-542B45CAC29E}
	EndGlobalSection
EndGlobal
